// !$*UTF8*$!
{
	archiveVersion = 1;
	classes = {
	};
	objectVersion = 48;
	objects = {

/* Begin PBXBuildFile section */
		CD76B8B01FA3383600590BB6 /* AppDelegate.m in Sources */ = {isa = PBXBuildFile; fileRef = CD76B8AF1FA3383600590BB6 /* AppDelegate.m */; };
		CD76B8B31FA3383600590BB6 /* ViewController.m in Sources */ = {isa = PBXBuildFile; fileRef = CD76B8B21FA3383600590BB6 /* ViewController.m */; };
		CD76B8B61FA3383600590BB6 /* Main.storyboard in Resources */ = {isa = PBXBuildFile; fileRef = CD76B8B41FA3383600590BB6 /* Main.storyboard */; };
		CD76B8B81FA3383600590BB6 /* Assets.xcassets in Resources */ = {isa = PBXBuildFile; fileRef = CD76B8B71FA3383600590BB6 /* Assets.xcassets */; };
		CD76B8BB1FA3383600590BB6 /* LaunchScreen.storyboard in Resources */ = {isa = PBXBuildFile; fileRef = CD76B8B91FA3383600590BB6 /* LaunchScreen.storyboard */; };
		CD76B8BE1FA3383600590BB6 /* main.m in Sources */ = {isa = PBXBuildFile; fileRef = CD76B8BD1FA3383600590BB6 /* main.m */; };
		CD76B8C81FA3383600590BB6 /* CoreDataTestTests.m in Sources */ = {isa = PBXBuildFile; fileRef = CD76B8C71FA3383600590BB6 /* CoreDataTestTests.m */; };
		CD76B8D31FA3383600590BB6 /* CoreDataTestUITests.m in Sources */ = {isa = PBXBuildFile; fileRef = CD76B8D21FA3383600590BB6 /* CoreDataTestUITests.m */; };
		CDBC451D1FA6DBE8004FE270 /* CoreDatacoreData.m in Sources */ = {isa = PBXBuildFile; fileRef = CDBC451C1FA6DBE8004FE270 /* CoreDatacoreData.m */; };
		CDBC452A1FA70765004FE270 /* Person+CoreDataClass.m in Sources */ = {isa = PBXBuildFile; fileRef = CDBC45271FA70765004FE270 /* Person+CoreDataClass.m */; };
		CDBC452B1FA70765004FE270 /* Person+CoreDataProperties.m in Sources */ = {isa = PBXBuildFile; fileRef = CDBC45291FA70765004FE270 /* Person+CoreDataProperties.m */; };
/* End PBXBuildFile section */

/* Begin PBXContainerItemProxy section */
		CD76B8C41FA3383600590BB6 /* PBXContainerItemProxy */ = {
			isa = PBXContainerItemProxy;
			containerPortal = CD76B8A31FA3383600590BB6 /* Project object */;
			proxyType = 1;
			remoteGlobalIDString = CD76B8AA1FA3383600590BB6;
			remoteInfo = CoreDataTest;
		};
		CD76B8CF1FA3383600590BB6 /* PBXContainerItemProxy */ = {
			isa = PBXContainerItemProxy;
			containerPortal = CD76B8A31FA3383600590BB6 /* Project object */;
			proxyType = 1;
			remoteGlobalIDString = CD76B8AA1FA3383600590BB6;
			remoteInfo = CoreDataTest;
		};
/* End PBXContainerItemProxy section */

/* Begin PBXFileReference section */
		CD76B8AB1FA3383600590BB6 /* CoreDataTest.app */ = {isa = PBXFileReference; explicitFileType = wrapper.application; includeInIndex = 0; path = CoreDataTest.app; sourceTree = BUILT_PRODUCTS_DIR; };
		CD76B8AE1FA3383600590BB6 /* AppDelegate.h */ = {isa = PBXFileReference; lastKnownFileType = sourcecode.c.h; path = AppDelegate.h; sourceTree = "<group>"; };
		CD76B8AF1FA3383600590BB6 /* AppDelegate.m */ = {isa = PBXFileReference; lastKnownFileType = sourcecode.c.objc; path = AppDelegate.m; sourceTree = "<group>"; };
		CD76B8B11FA3383600590BB6 /* ViewController.h */ = {isa = PBXFileReference; lastKnownFileType = sourcecode.c.h; path = ViewController.h; sourceTree = "<group>"; };
		CD76B8B21FA3383600590BB6 /* ViewController.m */ = {isa = PBXFileReference; lastKnownFileType = sourcecode.c.objc; path = ViewController.m; sourceTree = "<group>"; };
		CD76B8B51FA3383600590BB6 /* Base */ = {isa = PBXFileReference; lastKnownFileType = file.storyboard; name = Base; path = Base.lproj/Main.storyboard; sourceTree = "<group>"; };
		CD76B8B71FA3383600590BB6 /* Assets.xcassets */ = {isa = PBXFileReference; lastKnownFileType = folder.assetcatalog; path = Assets.xcassets; sourceTree = "<group>"; };
		CD76B8BA1FA3383600590BB6 /* Base */ = {isa = PBXFileReference; lastKnownFileType = file.storyboard; name = Base; path = Base.lproj/LaunchScreen.storyboard; sourceTree = "<group>"; };
		CD76B8BC1FA3383600590BB6 /* Info.plist */ = {isa = PBXFileReference; lastKnownFileType = text.plist.xml; path = Info.plist; sourceTree = "<group>"; };
		CD76B8BD1FA3383600590BB6 /* main.m */ = {isa = PBXFileReference; lastKnownFileType = sourcecode.c.objc; path = main.m; sourceTree = "<group>"; };
		CD76B8C31FA3383600590BB6 /* CoreDataTestTests.xctest */ = {isa = PBXFileReference; explicitFileType = wrapper.cfbundle; includeInIndex = 0; path = CoreDataTestTests.xctest; sourceTree = BUILT_PRODUCTS_DIR; };
		CD76B8C71FA3383600590BB6 /* CoreDataTestTests.m */ = {isa = PBXFileReference; lastKnownFileType = sourcecode.c.objc; path = CoreDataTestTests.m; sourceTree = "<group>"; };
		CD76B8C91FA3383600590BB6 /* Info.plist */ = {isa = PBXFileReference; lastKnownFileType = text.plist.xml; path = Info.plist; sourceTree = "<group>"; };
		CD76B8CE1FA3383600590BB6 /* CoreDataTestUITests.xctest */ = {isa = PBXFileReference; explicitFileType = wrapper.cfbundle; includeInIndex = 0; path = CoreDataTestUITests.xctest; sourceTree = BUILT_PRODUCTS_DIR; };
		CD76B8D21FA3383600590BB6 /* CoreDataTestUITests.m */ = {isa = PBXFileReference; lastKnownFileType = sourcecode.c.objc; path = CoreDataTestUITests.m; sourceTree = "<group>"; };
		CD76B8D41FA3383600590BB6 /* Info.plist */ = {isa = PBXFileReference; lastKnownFileType = text.plist.xml; path = Info.plist; sourceTree = "<group>"; };
		CDBC451B1FA6DBE8004FE270 /* CoreDatacoreData.h */ = {isa = PBXFileReference; lastKnownFileType = sourcecode.c.h; path = CoreDatacoreData.h; sourceTree = "<group>"; };
		CDBC451C1FA6DBE8004FE270 /* CoreDatacoreData.m */ = {isa = PBXFileReference; lastKnownFileType = sourcecode.c.objc; path = CoreDatacoreData.m; sourceTree = "<group>"; };
		CDBC451F1FA7056B004FE270 /* Model.xcdatamodel */ = {isa = PBXFileReference; lastKnownFileType = wrapper.xcdatamodel; path = Model.xcdatamodel; sourceTree = "<group>"; };
		CDBC45261FA70765004FE270 /* Person+CoreDataClass.h */ = {isa = PBXFileReference; lastKnownFileType = sourcecode.c.h; path = "Person+CoreDataClass.h"; sourceTree = "<group>"; };
		CDBC45271FA70765004FE270 /* Person+CoreDataClass.m */ = {isa = PBXFileReference; lastKnownFileType = sourcecode.c.objc; path = "Person+CoreDataClass.m"; sourceTree = "<group>"; };
		CDBC45281FA70765004FE270 /* Person+CoreDataProperties.h */ = {isa = PBXFileReference; lastKnownFileType = sourcecode.c.h; path = "Person+CoreDataProperties.h"; sourceTree = "<group>"; };
		CDBC45291FA70765004FE270 /* Person+CoreDataProperties.m */ = {isa = PBXFileReference; lastKnownFileType = sourcecode.c.objc; path = "Person+CoreDataProperties.m"; sourceTree = "<group>"; };
/* End PBXFileReference section */

/* Begin PBXFrameworksBuildPhase section */
		CD76B8A81FA3383600590BB6 /* Frameworks */ = {
			isa = PBXFrameworksBuildPhase;
			buildActionMask = 2147483647;
			files = (
			);
			runOnlyForDeploymentPostprocessing = 0;
		};
		CD76B8C01FA3383600590BB6 /* Frameworks */ = {
			isa = PBXFrameworksBuildPhase;
			buildActionMask = 2147483647;
			files = (
			);
			runOnlyForDeploymentPostprocessing = 0;
		};
		CD76B8CB1FA3383600590BB6 /* Frameworks */ = {
			isa = PBXFrameworksBuildPhase;
			buildActionMask = 2147483647;
			files = (
			);
			runOnlyForDeploymentPostprocessing = 0;
		};
/* End PBXFrameworksBuildPhase section */

/* Begin PBXGroup section */
		CD76B8A21FA3383600590BB6 = {
			isa = PBXGroup;
			children = (
				CDBC45261FA70765004FE270 /* Person+CoreDataClass.h */,
				CDBC45271FA70765004FE270 /* Person+CoreDataClass.m */,
				CDBC45281FA70765004FE270 /* Person+CoreDataProperties.h */,
				CDBC45291FA70765004FE270 /* Person+CoreDataProperties.m */,
				CDBC451E1FA7056B004FE270 /* Model.xcdatamodeld */,
				CD76B8AD1FA3383600590BB6 /* CoreDataTest */,
				CD76B8C61FA3383600590BB6 /* CoreDataTestTests */,
				CD76B8D11FA3383600590BB6 /* CoreDataTestUITests */,
				CD76B8AC1FA3383600590BB6 /* Products */,
			);
			sourceTree = "<group>";
		};
		CD76B8AC1FA3383600590BB6 /* Products */ = {
			isa = PBXGroup;
			children = (
				CD76B8AB1FA3383600590BB6 /* CoreDataTest.app */,
				CD76B8C31FA3383600590BB6 /* CoreDataTestTests.xctest */,
				CD76B8CE1FA3383600590BB6 /* CoreDataTestUITests.xctest */,
			);
			name = Products;
			sourceTree = "<group>";
		};
		CD76B8AD1FA3383600590BB6 /* CoreDataTest */ = {
			isa = PBXGroup;
			children = (
				CD76B8AE1FA3383600590BB6 /* AppDelegate.h */,
				CD76B8AF1FA3383600590BB6 /* AppDelegate.m */,
				CD76B8B11FA3383600590BB6 /* ViewController.h */,
				CD76B8B21FA3383600590BB6 /* ViewController.m */,
				CDBC451B1FA6DBE8004FE270 /* CoreDatacoreData.h */,
				CDBC451C1FA6DBE8004FE270 /* CoreDatacoreData.m */,
				CD76B8B41FA3383600590BB6 /* Main.storyboard */,
				CD76B8B71FA3383600590BB6 /* Assets.xcassets */,
				CD76B8B91FA3383600590BB6 /* LaunchScreen.storyboard */,
				CD76B8BC1FA3383600590BB6 /* Info.plist */,
				CD76B8BD1FA3383600590BB6 /* main.m */,
			);
			path = CoreDataTest;
			sourceTree = "<group>";
		};
		CD76B8C61FA3383600590BB6 /* CoreDataTestTests */ = {
			isa = PBXGroup;
			children = (
				CD76B8C71FA3383600590BB6 /* CoreDataTestTests.m */,
				CD76B8C91FA3383600590BB6 /* Info.plist */,
			);
			path = CoreDataTestTests;
			sourceTree = "<group>";
		};
		CD76B8D11FA3383600590BB6 /* CoreDataTestUITests */ = {
			isa = PBXGroup;
			children = (
				CD76B8D21FA3383600590BB6 /* CoreDataTestUITests.m */,
				CD76B8D41FA3383600590BB6 /* Info.plist */,
			);
			path = CoreDataTestUITests;
			sourceTree = "<group>";
		};
/* End PBXGroup section */

/* Begin PBXNativeTarget section */
		CD76B8AA1FA3383600590BB6 /* CoreDataTest */ = {
			isa = PBXNativeTarget;
			buildConfigurationList = CD76B8D71FA3383600590BB6 /* Build configuration list for PBXNativeTarget "CoreDataTest" */;
			buildPhases = (
				CD76B8A71FA3383600590BB6 /* Sources */,
				CD76B8A81FA3383600590BB6 /* Frameworks */,
				CD76B8A91FA3383600590BB6 /* Resources */,
			);
			buildRules = (
			);
			dependencies = (
			);
			name = CoreDataTest;
			productName = CoreDataTest;
			productReference = CD76B8AB1FA3383600590BB6 /* CoreDataTest.app */;
			productType = "com.apple.product-type.application";
		};
		CD76B8C21FA3383600590BB6 /* CoreDataTestTests */ = {
			isa = PBXNativeTarget;
			buildConfigurationList = CD76B8DA1FA3383600590BB6 /* Build configuration list for PBXNativeTarget "CoreDataTestTests" */;
			buildPhases = (
				CD76B8BF1FA3383600590BB6 /* Sources */,
				CD76B8C01FA3383600590BB6 /* Frameworks */,
				CD76B8C11FA3383600590BB6 /* Resources */,
			);
			buildRules = (
			);
			dependencies = (
				CD76B8C51FA3383600590BB6 /* PBXTargetDependency */,
			);
			name = CoreDataTestTests;
			productName = CoreDataTestTests;
			productReference = CD76B8C31FA3383600590BB6 /* CoreDataTestTests.xctest */;
			productType = "com.apple.product-type.bundle.unit-test";
		};
		CD76B8CD1FA3383600590BB6 /* CoreDataTestUITests */ = {
			isa = PBXNativeTarget;
			buildConfigurationList = CD76B8DD1FA3383600590BB6 /* Build configuration list for PBXNativeTarget "CoreDataTestUITests" */;
			buildPhases = (
				CD76B8CA1FA3383600590BB6 /* Sources */,
				CD76B8CB1FA3383600590BB6 /* Frameworks */,
				CD76B8CC1FA3383600590BB6 /* Resources */,
			);
			buildRules = (
			);
			dependencies = (
				CD76B8D01FA3383600590BB6 /* PBXTargetDependency */,
			);
			name = CoreDataTestUITests;
			productName = CoreDataTestUITests;
			productReference = CD76B8CE1FA3383600590BB6 /* CoreDataTestUITests.xctest */;
			productType = "com.apple.product-type.bundle.ui-testing";
		};
/* End PBXNativeTarget section */

/* Begin PBXProject section */
		CD76B8A31FA3383600590BB6 /* Project object */ = {
			isa = PBXProject;
			attributes = {
				LastUpgradeCheck = 0900;
				ORGANIZATIONNAME = "dx l";
				TargetAttributes = {
					CD76B8AA1FA3383600590BB6 = {
						CreatedOnToolsVersion = 9.0;
						LastSwiftMigration = 0900;
						ProvisioningStyle = Automatic;
					};
					CD76B8C21FA3383600590BB6 = {
						CreatedOnToolsVersion = 9.0;
						ProvisioningStyle = Automatic;
						TestTargetID = CD76B8AA1FA3383600590BB6;
					};
					CD76B8CD1FA3383600590BB6 = {
						CreatedOnToolsVersion = 9.0;
						ProvisioningStyle = Automatic;
						TestTargetID = CD76B8AA1FA3383600590BB6;
					};
				};
			};
			buildConfigurationList = CD76B8A61FA3383600590BB6 /* Build configuration list for PBXProject "CoreDataTest" */;
			compatibilityVersion = "Xcode 8.0";
			developmentRegion = en;
			hasScannedForEncodings = 0;
			knownRegions = (
				en,
				Base,
			);
			mainGroup = CD76B8A21FA3383600590BB6;
			productRefGroup = CD76B8AC1FA3383600590BB6 /* Products */;
			projectDirPath = "";
			projectRoot = "";
			targets = (
				CD76B8AA1FA3383600590BB6 /* CoreDataTest */,
				CD76B8C21FA3383600590BB6 /* CoreDataTestTests */,
				CD76B8CD1FA3383600590BB6 /* CoreDataTestUITests */,
			);
		};
/* End PBXProject section */

/* Begin PBXResourcesBuildPhase section */
		CD76B8A91FA3383600590BB6 /* Resources */ = {
			isa = PBXResourcesBuildPhase;
			buildActionMask = 2147483647;
			files = (
				CD76B8BB1FA3383600590BB6 /* LaunchScreen.storyboard in Resources */,
				CD76B8B81FA3383600590BB6 /* Assets.xcassets in Resources */,
				CD76B8B61FA3383600590BB6 /* Main.storyboard in Resources */,
			);
			runOnlyForDeploymentPostprocessing = 0;
		};
		CD76B8C11FA3383600590BB6 /* Resources */ = {
			isa = PBXResourcesBuildPhase;
			buildActionMask = 2147483647;
			files = (
			);
			runOnlyForDeploymentPostprocessing = 0;
		};
		CD76B8CC1FA3383600590BB6 /* Resources */ = {
			isa = PBXResourcesBuildPhase;
			buildActionMask = 2147483647;
			files = (
			);
			runOnlyForDeploymentPostprocessing = 0;
		};
/* End PBXResourcesBuildPhase section */

/* Begin PBXSourcesBuildPhase section */
		CD76B8A71FA3383600590BB6 /* Sources */ = {
			isa = PBXSourcesBuildPhase;
			buildActionMask = 2147483647;
			files = (
				CD76B8B31FA3383600590BB6 /* ViewController.m in Sources */,
				CD76B8BE1FA3383600590BB6 /* main.m in Sources */,
				CD76B8B01FA3383600590BB6 /* AppDelegate.m in Sources */,
				CDBC451D1FA6DBE8004FE270 /* CoreDatacoreData.m in Sources */,
				CDBC452B1FA70765004FE270 /* Person+CoreDataProperties.m in Sources */,
				CDBC452A1FA70765004FE270 /* Person+CoreDataClass.m in Sources */,
			);
			runOnlyForDeploymentPostprocessing = 0;
		};
		CD76B8BF1FA3383600590BB6 /* Sources */ = {
			isa = PBXSourcesBuildPhase;
			buildActionMask = 2147483647;
			files = (
				CD76B8C81FA3383600590BB6 /* CoreDataTestTests.m in Sources */,
			);
			runOnlyForDeploymentPostprocessing = 0;
		};
		CD76B8CA1FA3383600590BB6 /* Sources */ = {
			isa = PBXSourcesBuildPhase;
			buildActionMask = 2147483647;
			files = (
				CD76B8D31FA3383600590BB6 /* CoreDataTestUITests.m in Sources */,
			);
			runOnlyForDeploymentPostprocessing = 0;
		};
/* End PBXSourcesBuildPhase section */

/* Begin PBXTargetDependency section */
		CD76B8C51FA3383600590BB6 /* PBXTargetDependency */ = {
			isa = PBXTargetDependency;
			target = CD76B8AA1FA3383600590BB6 /* CoreDataTest */;
			targetProxy = CD76B8C41FA3383600590BB6 /* PBXContainerItemProxy */;
		};
		CD76B8D01FA3383600590BB6 /* PBXTargetDependency */ = {
			isa = PBXTargetDependency;
			target = CD76B8AA1FA3383600590BB6 /* CoreDataTest */;
			targetProxy = CD76B8CF1FA3383600590BB6 /* PBXContainerItemProxy */;
		};
/* End PBXTargetDependency section */

/* Begin PBXVariantGroup section */
		CD76B8B41FA3383600590BB6 /* Main.storyboard */ = {
			isa = PBXVariantGroup;
			children = (
				CD76B8B51FA3383600590BB6 /* Base */,
			);
			name = Main.storyboard;
			sourceTree = "<group>";
		};
		CD76B8B91FA3383600590BB6 /* LaunchScreen.storyboard */ = {
			isa = PBXVariantGroup;
			children = (
				CD76B8BA1FA3383600590BB6 /* Base */,
			);
			name = LaunchScreen.storyboard;
			sourceTree = "<group>";
		};
/* End PBXVariantGroup section */

/* Begin XCBuildConfiguration section */
		CD76B8D51FA3383600590BB6 /* Debug */ = {
			isa = XCBuildConfiguration;
			buildSettings = {
				ALWAYS_SEARCH_USER_PATHS = NO;
				CLANG_ANALYZER_NONNULL = YES;
				CLANG_ANALYZER_NUMBER_OBJECT_CONVERSION = YES_AGGRESSIVE;
				CLANG_CXX_LANGUAGE_STANDARD = "gnu++14";
				CLANG_CXX_LIBRARY = "libc++";
				CLANG_ENABLE_MODULES = YES;
				CLANG_ENABLE_OBJC_ARC = YES;
				CLANG_WARN_BLOCK_CAPTURE_AUTORELEASING = YES;
				CLANG_WARN_BOOL_CONVERSION = YES;
				CLANG_WARN_COMMA = YES;
				CLANG_WARN_CONSTANT_CONVERSION = YES;
				CLANG_WARN_DIRECT_OBJC_ISA_USAGE = YES_ERROR;
				CLANG_WARN_DOCUMENTATION_COMMENTS = YES;
				CLANG_WARN_EMPTY_BODY = YES;
				CLANG_WARN_ENUM_CONVERSION = YES;
				CLANG_WARN_INFINITE_RECURSION = YES;
				CLANG_WARN_INT_CONVERSION = YES;
				CLANG_WARN_NON_LITERAL_NULL_CONVERSION = YES;
				CLANG_WARN_OBJC_LITERAL_CONVERSION = YES;
				CLANG_WARN_OBJC_ROOT_CLASS = YES_ERROR;
				CLANG_WARN_RANGE_LOOP_ANALYSIS = YES;
				CLANG_WARN_STRICT_PROTOTYPES = YES;
				CLANG_WARN_SUSPICIOUS_MOVE = YES;
				CLANG_WARN_UNGUARDED_AVAILABILITY = YES_AGGRESSIVE;
				CLANG_WARN_UNREACHABLE_CODE = YES;
				CLANG_WARN__DUPLICATE_METHOD_MATCH = YES;
				CODE_SIGN_IDENTITY = "iPhone Developer";
				COPY_PHASE_STRIP = NO;
				DEBUG_INFORMATION_FORMAT = dwarf;
				ENABLE_STRICT_OBJC_MSGSEND = YES;
				ENABLE_TESTABILITY = YES;
				GCC_C_LANGUAGE_STANDARD = gnu11;
				GCC_DYNAMIC_NO_PIC = NO;
				GCC_NO_COMMON_BLOCKS = YES;
				GCC_OPTIMIZATION_LEVEL = 0;
				GCC_PREPROCESSOR_DEFINITIONS = (
					"DEBUG=1",
					"$(inherited)",
				);
				GCC_WARN_64_TO_32_BIT_CONVERSION = YES;
				GCC_WARN_ABOUT_RETURN_TYPE = YES_ERROR;
				GCC_WARN_UNDECLARED_SELECTOR = YES;
				GCC_WARN_UNINITIALIZED_AUTOS = YES_AGGRESSIVE;
				GCC_WARN_UNUSED_FUNCTION = YES;
				GCC_WARN_UNUSED_VARIABLE = YES;
				IPHONEOS_DEPLOYMENT_TARGET = 11.0;
				MTL_ENABLE_DEBUG_INFO = YES;
				ONLY_ACTIVE_ARCH = YES;
				SDKROOT = iphoneos;
			};
			name = Debug;
		};
		CD76B8D61FA3383600590BB6 /* Release */ = {
			isa = XCBuildConfiguration;
			buildSettings = {
				ALWAYS_SEARCH_USER_PATHS = NO;
				CLANG_ANALYZER_NONNULL = YES;
				CLANG_ANALYZER_NUMBER_OBJECT_CONVERSION = YES_AGGRESSIVE;
				CLANG_CXX_LANGUAGE_STANDARD = "gnu++14";
				CLANG_CXX_LIBRARY = "libc++";
				CLANG_ENABLE_MODULES = YES;
				CLANG_ENABLE_OBJC_ARC = YES;
				CLANG_WARN_BLOCK_CAPTURE_AUTORELEASING = YES;
				CLANG_WARN_BOOL_CONVERSION = YES;
				CLANG_WARN_COMMA = YES;
				CLANG_WARN_CONSTANT_CONVERSION = YES;
				CLANG_WARN_DIRECT_OBJC_ISA_USAGE = YES_ERROR;
				CLANG_WARN_DOCUMENTATION_COMMENTS = YES;
				CLANG_WARN_EMPTY_BODY = YES;
				CLANG_WARN_ENUM_CONVERSION = YES;
				CLANG_WARN_INFINITE_RECURSION = YES;
				CLANG_WARN_INT_CONVERSION = YES;
				CLANG_WARN_NON_LITERAL_NULL_CONVERSION = YES;
				CLANG_WARN_OBJC_LITERAL_CONVERSION = YES;
				CLANG_WARN_OBJC_ROOT_CLASS = YES_ERROR;
				CLANG_WARN_RANGE_LOOP_ANALYSIS = YES;
				CLANG_WARN_STRICT_PROTOTYPES = YES;
				CLANG_WARN_SUSPICIOUS_MOVE = YES;
				CLANG_WARN_UNGUARDED_AVAILABILITY = YES_AGGRESSIVE;
				CLANG_WARN_UNREACHABLE_CODE = YES;
				CLANG_WARN__DUPLICATE_METHOD_MATCH = YES;
				CODE_SIGN_IDENTITY = "iPhone Developer";
				COPY_PHASE_STRIP = NO;
				DEBUG_INFORMATION_FORMAT = "dwarf-with-dsym";
				ENABLE_NS_ASSERTIONS = NO;
				ENABLE_STRICT_OBJC_MSGSEND = YES;
				GCC_C_LANGUAGE_STANDARD = gnu11;
				GCC_NO_COMMON_BLOCKS = YES;
				GCC_WARN_64_TO_32_BIT_CONVERSION = YES;
				GCC_WARN_ABOUT_RETURN_TYPE = YES_ERROR;
				GCC_WARN_UNDECLARED_SELECTOR = YES;
				GCC_WARN_UNINITIALIZED_AUTOS = YES_AGGRESSIVE;
				GCC_WARN_UNUSED_FUNCTION = YES;
				GCC_WARN_UNUSED_VARIABLE = YES;
				IPHONEOS_DEPLOYMENT_TARGET = 11.0;
				MTL_ENABLE_DEBUG_INFO = NO;
				SDKROOT = iphoneos;
				VALIDATE_PRODUCT = YES;
			};
			name = Release;
		};
		CD76B8D81FA3383600590BB6 /* Debug */ = {
			isa = XCBuildConfiguration;
			buildSettings = {
				ASSETCATALOG_COMPILER_APPICON_NAME = AppIcon;
				CLANG_ENABLE_MODULES = YES;
				CODE_SIGN_STYLE = Automatic;
				DEVELOPMENT_TEAM = 4M3E736K84;
				INFOPLIST_FILE = CoreDataTest/Info.plist;
				LD_RUNPATH_SEARCH_PATHS = "$(inherited) @executable_path/Frameworks";
				PRODUCT_BUNDLE_IDENTIFIER = "--17KJS--..AlertTest";
				PRODUCT_NAME = "$(TARGET_NAME)";
				SWIFT_OBJC_BRIDGING_HEADER = "CoreDataTest-Bridging-Header.h";
				SWIFT_OPTIMIZATION_LEVEL = "-Onone";
				SWIFT_VERSION = 3.0;
				TARGETED_DEVICE_FAMILY = "1,2";
			};
			name = Debug;
		};
		CD76B8D91FA3383600590BB6 /* Release */ = {
			isa = XCBuildConfiguration;
			buildSettings = {
				ASSETCATALOG_COMPILER_APPICON_NAME = AppIcon;
				CLANG_ENABLE_MODULES = YES;
				CODE_SIGN_STYLE = Automatic;
				DEVELOPMENT_TEAM = 4M3E736K84;
				INFOPLIST_FILE = CoreDataTest/Info.plist;
				LD_RUNPATH_SEARCH_PATHS = "$(inherited) @executable_path/Frameworks";
				PRODUCT_BUNDLE_IDENTIFIER = "--17KJS--..AlertTest";
				PRODUCT_NAME = "$(TARGET_NAME)";
				SWIFT_OBJC_BRIDGING_HEADER = "CoreDataTest-Bridging-Header.h";
				SWIFT_VERSION = 3.0;
				TARGETED_DEVICE_FAMILY = "1,2";
			};
			name = Release;
		};
		CD76B8DB1FA3383600590BB6 /* Debug */ = {
			isa = XCBuildConfiguration;
			buildSettings = {
				BUNDLE_LOADER = "$(TEST_HOST)";
				CODE_SIGN_STYLE = Automatic;
				INFOPLIST_FILE = CoreDataTestTests/Info.plist;
				LD_RUNPATH_SEARCH_PATHS = "$(inherited) @executable_path/Frameworks @loader_path/Frameworks";
				PRODUCT_BUNDLE_IDENTIFIER = "--17KJS--..CoreDataTestTests";
				PRODUCT_NAME = "$(TARGET_NAME)";
				TARGETED_DEVICE_FAMILY = "1,2";
				TEST_HOST = "$(BUILT_PRODUCTS_DIR)/CoreDataTest.app/CoreDataTest";
			};
			name = Debug;
		};
		CD76B8DC1FA3383600590BB6 /* Release */ = {
			isa = XCBuildConfiguration;
			buildSettings = {
				BUNDLE_LOADER = "$(TEST_HOST)";
				CODE_SIGN_STYLE = Automatic;
				INFOPLIST_FILE = CoreDataTestTests/Info.plist;
				LD_RUNPATH_SEARCH_PATHS = "$(inherited) @executable_path/Frameworks @loader_path/Frameworks";
				PRODUCT_BUNDLE_IDENTIFIER = "--17KJS--..CoreDataTestTests";
				PRODUCT_NAME = "$(TARGET_NAME)";
				TARGETED_DEVICE_FAMILY = "1,2";
				TEST_HOST = "$(BUILT_PRODUCTS_DIR)/CoreDataTest.app/CoreDataTest";
			};
			name = Release;
		};
		CD76B8DE1FA3383600590BB6 /* Debug */ = {
			isa = XCBuildConfiguration;
			buildSettings = {
				CODE_SIGN_STYLE = Automatic;
				INFOPLIST_FILE = CoreDataTestUITests/Info.plist;
				LD_RUNPATH_SEARCH_PATHS = "$(inherited) @executable_path/Frameworks @loader_path/Frameworks";
				PRODUCT_BUNDLE_IDENTIFIER = "--17KJS--..CoreDataTestUITests";
				PRODUCT_NAME = "$(TARGET_NAME)";
				TARGETED_DEVICE_FAMILY = "1,2";
				TEST_TARGET_NAME = CoreDataTest;
			};
			name = Debug;
		};
		CD76B8DF1FA3383600590BB6 /* Release */ = {
			isa = XCBuildConfiguration;
			buildSettings = {
				CODE_SIGN_STYLE = Automatic;
				INFOPLIST_FILE = CoreDataTestUITests/Info.plist;
				LD_RUNPATH_SEARCH_PATHS = "$(inherited) @executable_path/Frameworks @loader_path/Frameworks";
				PRODUCT_BUNDLE_IDENTIFIER = "--17KJS--..CoreDataTestUITests";
				PRODUCT_NAME = "$(TARGET_NAME)";
				TARGETED_DEVICE_FAMILY = "1,2";
				TEST_TARGET_NAME = CoreDataTest;
			};
			name = Release;
		};
/* End XCBuildConfiguration section */

/* Begin XCConfigurationList section */
		CD76B8A61FA3383600590BB6 /* Build configuration list for PBXProject "CoreDataTest" */ = {
			isa = XCConfigurationList;
			buildConfigurations = (
				CD76B8D51FA3383600590BB6 /* Debug */,
				CD76B8D61FA3383600590BB6 /* Release */,
			);
			defaultConfigurationIsVisible = 0;
			defaultConfigurationName = Release;
		};
		CD76B8D71FA3383600590BB6 /* Build configuration list for PBXNativeTarget "CoreDataTest" */ = {
			isa = XCConfigurationList;
			buildConfigurations = (
				CD76B8D81FA3383600590BB6 /* Debug */,
				CD76B8D91FA3383600590BB6 /* Release */,
			);
			defaultConfigurationIsVisible = 0;
			defaultConfigurationName = Release;
		};
		CD76B8DA1FA3383600590BB6 /* Build configuration list for PBXNativeTarget "CoreDataTestTests" */ = {
			isa = XCConfigurationList;
			buildConfigurations = (
				CD76B8DB1FA3383600590BB6 /* Debug */,
				CD76B8DC1FA3383600590BB6 /* Release */,
			);
			defaultConfigurationIsVisible = 0;
			defaultConfigurationName = Release;
		};
		CD76B8DD1FA3383600590BB6 /* Build configuration list for PBXNativeTarget "CoreDataTestUITests" */ = {
			isa = XCConfigurationList;
			buildConfigurations = (
				CD76B8DE1FA3383600590BB6 /* Debug */,
				CD76B8DF1FA3383600590BB6 /* Release */,
			);
			defaultConfigurationIsVisible = 0;
			defaultConfigurationName = Release;
		};
/* End XCConfigurationList section */

/* Begin XCVersionGroup section */
		CDBC451E1FA7056B004FE270 /* Model.xcdatamodeld */ = {
			isa = XCVersionGroup;
			children = (
				CDBC451F1FA7056B004FE270 /* Model.xcdatamodel */,
			);
			currentVersion = CDBC451F1FA7056B004FE270 /* Model.xcdatamodel */;
			path = Model.xcdatamodeld;
			sourceTree = "<group>";
			versionGroupType = wrapper.xcdatamodel;
		};
/* End XCVersionGroup section */
	};
	rootObject = CD76B8A31FA3383600590BB6 /* Project object */;
}
